
Microsoft Visual Studio Solution File, Format Version 12.00
# Visual Studio Version 16
VisualStudioVersion = 16.0.29806.167
MinimumVisualStudioVersion = 10.0.40219.1
Project("{FAE04EC0-301F-11D3-BF4B-00C04F79EFBC}") = "OsuReplayExtractor", "OsuReplayExtractor\OsuReplayExtractor.csproj", "{DDDD1823-7B78-49C5-A84D-935B94A910CF}"
EndProject
Global
	GlobalSection(SolutionConfigurationPlatforms) = preSolution
		Debug|Any CPU = Debug|Any CPU
		Release|Any CPU = Release|Any CPU
	EndGlobalSection
	GlobalSection(ProjectConfigurationPlatforms) = postSolution
		{DDDD1823-7B78-49C5-A84D-935B94A910CF}.Debug|Any CPU.ActiveCfg = Debug|Any CPU
		{DDDD1823-7B78-49C5-A84D-935B94A910CF}.Debug|Any CPU.Build.0 = Debug|Any CPU
		{DDDD1823-7B78-49C5-A84D-935B94A910CF}.Release|Any CPU.ActiveCfg = Release|Any CPU
		{DDDD1823-7B78-49C5-A84D-935B94A910CF}.Release|Any CPU.Build.0 = Release|Any CPU
	EndGlobalSection
	GlobalSection(SolutionProperties) = preSolution
		HideSolutionNode = FALSE
	EndGlobalSection
	GlobalSection(ExtensibilityGlobals) = postSolution
		SolutionGuid = {51B29269-5774-4FE4-B09C-7775455EA77E}
	EndGlobalSection
EndGlobal
